// !$*UTF8*$!
{
	archiveVersion = 1;
	classes = {
	};
	objectVersion = 63;
	objects = {

/* Begin PBXBuildFile section */
		2C4F541D13FE20630C7D6942 /* AppDelegate.swift in Sources */ = {isa = PBXBuildFile; fileRef = B9EEA5666615D00B5150E6A8 /* AppDelegate.swift */; };
		BE323935F769083B2160BA40 /* ViewController.swift in Sources */ = {isa = PBXBuildFile; fileRef = F92F71E5E6F2BE60B6ADDEC4 /* ViewController.swift */; };
		C5A3B7D9E8F1234567890123 /* PhotoSlideshow.xcassets in Resources */ = {isa = PBXBuildFile; fileRef = D1A2B3C4E5F6789012345678 /* PhotoSlideshow.xcassets */; };
		E10EE93AF5B680D5CFCA3DBC /* ViewControllerTests.swift in Sources */ = {isa = PBXBuildFile; fileRef = A218ABCD8CE4840594F74F91 /* ViewControllerTests.swift */; };
/* End PBXBuildFile section */

/* Begin PBXContainerItemProxy section */
		41D90904ECE288619EEF10B4 /* PBXContainerItemProxy */ = {
			isa = PBXContainerItemProxy;
			containerPortal = E7382F75915629C3DB796B55 /* Project object */;
			proxyType = 1;
			remoteGlobalIDString = 96150934F378E155B259E7E2;
			remoteInfo = PhotoSlideshow;
		};
/* End PBXContainerItemProxy section */

/* Begin PBXFileReference section */
		1156EDD74C79A2010330F80E /* PhotoSlideshowTests.xctest */ = {isa = PBXFileReference; explicitFileType = wrapper.cfbundle; includeInIndex = 0; path = PhotoSlideshowTests.xctest; sourceTree = BUILT_PRODUCTS_DIR; };
		6825727656E35C2695360FCE /* Info.plist */ = {isa = PBXFileReference; lastKnownFileType = text.plist; path = Info.plist; sourceTree = "<group>"; };
		758C8E5E0BEF097D276EE22F /* PhotoSlideshow.app */ = {isa = PBXFileReference; explicitFileType = wrapper.application; includeInIndex = 0; path = PhotoSlideshow.app; sourceTree = BUILT_PRODUCTS_DIR; };
		A218ABCD8CE4840594F74F91 /* ViewControllerTests.swift */ = {isa = PBXFileReference; lastKnownFileType = sourcecode.swift; path = ViewControllerTests.swift; sourceTree = "<group>"; };
		B9EEA5666615D00B5150E6A8 /* AppDelegate.swift */ = {isa = PBXFileReference; lastKnownFileType = sourcecode.swift; path = AppDelegate.swift; sourceTree = "<group>"; };
		D1A2B3C4E5F6789012345678 /* PhotoSlideshow.xcassets */ = {isa = PBXFileReference; lastKnownFileType = folder.assetcatalog; path = PhotoSlideshow.xcassets; sourceTree = "<group>"; };
		F92F71E5E6F2BE60B6ADDEC4 /* ViewController.swift */ = {isa = PBXFileReference; lastKnownFileType = sourcecode.swift; path = ViewController.swift; sourceTree = "<group>"; };
/* End PBXFileReference section */

/* Begin PBXGroup section */
		0496FA6B10FCD4FE9D3B09AF = {
			isa = PBXGroup;
			children = (
				CC45DC8536F0A85E3B272A8D /* Sources */,
				D1A2B3C4E5F6789012345678 /* PhotoSlideshow.xcassets */,
				9EB2C0815911DE977522328F /* Products */,
			);
			sourceTree = "<group>";
		};
		16545F1D1264B22FB3A9C26A /* PhotoSlideshowTests */ = {
			isa = PBXGroup;
			children = (
				A218ABCD8CE4840594F74F91 /* ViewControllerTests.swift */,
			);
			path = PhotoSlideshowTests;
			sourceTree = "<group>";
		};
		425B156ABC6C6E9ED2A616A6 /* PhotoSlideshow */ = {
			isa = PBXGroup;
			children = (
				B9EEA5666615D00B5150E6A8 /* AppDelegate.swift */,
				F92F71E5E6F2BE60B6ADDEC4 /* ViewController.swift */,
			);
			path = PhotoSlideshow;
			sourceTree = "<group>";
		};
		9EB2C0815911DE977522328F /* Products */ = {
			isa = PBXGroup;
			children = (
				758C8E5E0BEF097D276EE22F /* PhotoSlideshow.app */,
				1156EDD74C79A2010330F80E /* PhotoSlideshowTests.xctest */,
			);
			name = Products;
			sourceTree = "<group>";
		};
		CC45DC8536F0A85E3B272A8D /* Sources */ = {
			isa = PBXGroup;
			children = (
				6825727656E35C2695360FCE /* Info.plist */,
				425B156ABC6C6E9ED2A616A6 /* PhotoSlideshow */,
				16545F1D1264B22FB3A9C26A /* PhotoSlideshowTests */,
			);
			path = Sources;
			sourceTree = "<group>";
		};
/* End PBXGroup section */

/* Begin PBXNativeTarget section */
		6C3DBA2F5D384CE1A81B20AF /* PhotoSlideshowTests */ = {
			isa = PBXNativeTarget;
			buildConfigurationList = 886C978F466674FC1EB14886 /* Build configuration list for PBXNativeTarget "PhotoSlideshowTests" */;
			buildPhases = (
				3B81254914654B0899522049 /* Sources */,
			);
			buildRules = (
			);
			dependencies = (
				C28BE394B5D04F0CFC5C9362 /* PBXTargetDependency */,
			);
			name = PhotoSlideshowTests;
			packageProductDependencies = (
			);
			productName = PhotoSlideshowTests;
			productReference = 1156EDD74C79A2010330F80E /* PhotoSlideshowTests.xctest */;
			productType = "com.apple.product-type.bundle.unit-test";
		};
		96150934F378E155B259E7E2 /* PhotoSlideshow */ = {
			isa = PBXNativeTarget;
			buildConfigurationList = 7C158BBD86406D58E50C60F7 /* Build configuration list for PBXNativeTarget "PhotoSlideshow" */;
			buildPhases = (
				81A204EFC3CC85ABBCECF559 /* Sources */,
				F1E2D3C4B5A6978012345678 /* Resources */,
			);
			buildRules = (
			);
			dependencies = (
			);
			name = PhotoSlideshow;
			packageProductDependencies = (
			);
			productName = PhotoSlideshow;
			productReference = 758C8E5E0BEF097D276EE22F /* PhotoSlideshow.app */;
			productType = "com.apple.product-type.application";
		};
/* End PBXNativeTarget section */

/* Begin PBXProject section */
		E7382F75915629C3DB796B55 /* Project object */ = {
			isa = PBXProject;
			attributes = {
				BuildIndependentTargetsInParallel = YES;
				LastUpgradeCheck = 1430;
			};
			buildConfigurationList = CC7DD5C224E54BC14707E828 /* Build configuration list for PBXProject "PhotoSlideshow" */;
			compatibilityVersion = "Xcode 14.0";
			developmentRegion = en;
			hasScannedForEncodings = 0;
			knownRegions = (
				Base,
				en,
			);
			mainGroup = 0496FA6B10FCD4FE9D3B09AF;
			minimizedProjectReferenceProxies = 1;
			projectDirPath = "";
			projectRoot = "";
			targets = (
				96150934F378E155B259E7E2 /* PhotoSlideshow */,
				6C3DBA2F5D384CE1A81B20AF /* PhotoSlideshowTests */,
			);
		};
/* End PBXProject section */

/* Begin PBXResourcesBuildPhase section */
		F1E2D3C4B5A6978012345678 /* Resources */ = {
			isa = PBXResourcesBuildPhase;
			buildActionMask = 2147483647;
			files = (
				C5A3B7D9E8F1234567890123 /* PhotoSlideshow.xcassets in Resources */,
			);
			runOnlyForDeploymentPostprocessing = 0;
		};
/* End PBXResourcesBuildPhase section */

/* Begin PBXSourcesBuildPhase section */
		3B81254914654B0899522049 /* Sources */ = {
			isa = PBXSourcesBuildPhase;
			buildActionMask = 2147483647;
			files = (
				E10EE93AF5B680D5CFCA3DBC /* ViewControllerTests.swift in Sources */,
			);
			runOnlyForDeploymentPostprocessing = 0;
		};
		81A204EFC3CC85ABBCECF559 /* Sources */ = {
			isa = PBXSourcesBuildPhase;
			buildActionMask = 2147483647;
			files = (
				2C4F541D13FE20630C7D6942 /* AppDelegate.swift in Sources */,
				BE323935F769083B2160BA40 /* ViewController.swift in Sources */,
			);
			runOnlyForDeploymentPostprocessing = 0;
		};
/* End PBXSourcesBuildPhase section */

/* Begin PBXTargetDependency section */
		C28BE394B5D04F0CFC5C9362 /* PBXTargetDependency */ = {
			isa = PBXTargetDependency;
			target = 96150934F378E155B259E7E2 /* PhotoSlideshow */;
			targetProxy = 41D90904ECE288619EEF10B4 /* PBXContainerItemProxy */;
		};
/* End PBXTargetDependency section */

/* Begin XCBuildConfiguration section */
		13CE41DB9E2C4E978C6E826B /* Release */ = {
			isa = XCBuildConfiguration;
			buildSettings = {
				ASSETCATALOG_COMPILER_APPICON_NAME = AppIcon;
				CODE_SIGN_IDENTITY = "iPhone Developer";
				DEVELOPMENT_TEAM = 562CRA7P6G;
				INFOPLIST_FILE = Sources/Info.plist;
				LD_RUNPATH_SEARCH_PATHS = (
					"$(inherited)",
					"@executable_path/Frameworks",
				);
				PRODUCT_BUNDLE_IDENTIFIER = com.example.PhotoSlideshow;
				SDKROOT = iphoneos;
				TARGETED_DEVICE_FAMILY = "1,2";
			};
			name = Release;
		};
		3770AE38261AF9BB0FB4C4A2 /* Debug */ = {
			isa = XCBuildConfiguration;
			buildSettings = {
				ASSETCATALOG_COMPILER_APPICON_NAME = AppIcon;
				CODE_SIGN_IDENTITY = "iPhone Developer";
				DEVELOPMENT_TEAM = 562CRA7P6G;
				INFOPLIST_FILE = Sources/Info.plist;
				LD_RUNPATH_SEARCH_PATHS = (
					"$(inherited)",
					"@executable_path/Frameworks",
				);
				PRODUCT_BUNDLE_IDENTIFIER = com.example.PhotoSlideshow;
				SDKROOT = iphoneos;
				TARGETED_DEVICE_FAMILY = "1,2";
			};
			name = Debug;
		};
		56E1E1966FE322658E848237 /* Release */ = {
			isa = XCBuildConfiguration;
			buildSettings = {
				BUNDLE_LOADER = "$(TEST_HOST)";
				DEVELOPMENT_TEAM = 562CRA7P6G;
				FRAMEWORK_SEARCH_PATHS = "$(PLATFORM_DIR)/Developer/Library/Frameworks";
				INFOPLIST_FILE = Sources/Info.plist;
				LD_RUNPATH_SEARCH_PATHS = (
					"$(inherited)",
					"@executable_path/Frameworks",
					"@loader_path/Frameworks",
				);
				OTHER_LDFLAGS = (
					"-framework",
					XCTest,
				);
				PRODUCT_BUNDLE_IDENTIFIER = com.example.PhotoSlideshowTests;
				SDKROOT = iphoneos;
				TARGETED_DEVICE_FAMILY = "1,2";
				TEST_HOST = "$(BUILT_PRODUCTS_DIR)/PhotoSlideshow.app/PhotoSlideshow";
			};
			name = Release;
		};
		6BCF3D4CB23A7D8D53B23772 /* Debug */ = {
			isa = XCBuildConfiguration;
			buildSettings = {
				ALWAYS_SEARCH_USER_PATHS = NO;
				CLANG_ANALYZER_NONNULL = YES;
				CLANG_ANALYZER_NUMBER_OBJECT_CONVERSION = YES_AGGRESSIVE;
				CLANG_CXX_LANGUAGE_STANDARD = "gnu++14";
				CLANG_CXX_LIBRARY = "libc++";
				CLANG_ENABLE_MODULES = YES;
				CLANG_ENABLE_OBJC_ARC = YES;
				CLANG_ENABLE_OBJC_WEAK = YES;
				CLANG_WARN_BLOCK_CAPTURE_AUTORELEASING = YES;
				CLANG_WARN_BOOL_CONVERSION = YES;
				CLANG_WARN_COMMA = YES;
				CLANG_WARN_CONSTANT_CONVERSION = YES;
				CLANG_WARN_DEPRECATED_OBJC_IMPLEMENTATIONS = YES;
				CLANG_WARN_DIRECT_OBJC_ISA_USAGE = YES_ERROR;
				CLANG_WARN_DOCUMENTATION_COMMENTS = YES;
				CLANG_WARN_EMPTY_BODY = YES;
				CLANG_WARN_ENUM_CONVERSION = YES;
				CLANG_WARN_INFINITE_RECURSION = YES;
				CLANG_WARN_INT_CONVERSION = YES;
				CLANG_WARN_NON_LITERAL_NULL_CONVERSION = YES;
				CLANG_WARN_OBJC_IMPLICIT_RETAIN_SELF = YES;
				CLANG_WARN_OBJC_LITERAL_CONVERSION = YES;
				CLANG_WARN_OBJC_ROOT_CLASS = YES_ERROR;
				CLANG_WARN_QUOTED_INCLUDE_IN_FRAMEWORK_HEADER = YES;
				CLANG_WARN_RANGE_LOOP_ANALYSIS = YES;
				CLANG_WARN_STRICT_PROTOTYPES = YES;
				CLANG_WARN_SUSPICIOUS_MOVE = YES;
				CLANG_WARN_UNGUARDED_AVAILABILITY = YES_AGGRESSIVE;
				CLANG_WARN_UNREACHABLE_CODE = YES;
				CLANG_WARN__DUPLICATE_METHOD_MATCH = YES;
				COPY_PHASE_STRIP = NO;
				DEBUG_INFORMATION_FORMAT = dwarf;
				ENABLE_STRICT_OBJC_MSGSEND = YES;
				ENABLE_TESTABILITY = YES;
				GCC_C_LANGUAGE_STANDARD = gnu11;
				GCC_DYNAMIC_NO_PIC = NO;
				GCC_NO_COMMON_BLOCKS = YES;
				GCC_OPTIMIZATION_LEVEL = 0;
				GCC_PREPROCESSOR_DEFINITIONS = (
					"$(inherited)",
					"DEBUG=1",
				);
				GCC_WARN_64_TO_32_BIT_CONVERSION = YES;
				GCC_WARN_ABOUT_RETURN_TYPE = YES_ERROR;
				GCC_WARN_UNDECLARED_SELECTOR = YES;
				GCC_WARN_UNINITIALIZED_AUTOS = YES_AGGRESSIVE;
				GCC_WARN_UNUSED_FUNCTION = YES;
				GCC_WARN_UNUSED_VARIABLE = YES;
				IPHONEOS_DEPLOYMENT_TARGET = 12.0;
				MTL_ENABLE_DEBUG_INFO = INCLUDE_SOURCE;
				MTL_FAST_MATH = YES;
				ONLY_ACTIVE_ARCH = YES;
				PRODUCT_NAME = "$(TARGET_NAME)";
				SDKROOT = iphoneos;
				SWIFT_ACTIVE_COMPILATION_CONDITIONS = DEBUG;
				SWIFT_OPTIMIZATION_LEVEL = "-Onone";
				SWIFT_VERSION = 5.0;
			};
			name = Debug;
		};
		8C21E20CF8EC51D7A287A2E4 /* Debug */ = {
			isa = XCBuildConfiguration;
			buildSettings = {
				BUNDLE_LOADER = "$(TEST_HOST)";
				DEVELOPMENT_TEAM = 562CRA7P6G;
				FRAMEWORK_SEARCH_PATHS = "$(PLATFORM_DIR)/Developer/Library/Frameworks";
				INFOPLIST_FILE = Sources/Info.plist;
				LD_RUNPATH_SEARCH_PATHS = (
					"$(inherited)",
					"@executable_path/Frameworks",
					"@loader_path/Frameworks",
				);
				OTHER_LDFLAGS = (
					"-framework",
					XCTest,
				);
				PRODUCT_BUNDLE_IDENTIFIER = com.example.PhotoSlideshowTests;
				SDKROOT = iphoneos;
				TARGETED_DEVICE_FAMILY = "1,2";
				TEST_HOST = "$(BUILT_PRODUCTS_DIR)/PhotoSlideshow.app/PhotoSlideshow";
			};
			name = Debug;
		};
		A480E55DD1B63C108CEDEBD8 /* Release */ = {
			isa = XCBuildConfiguration;
			buildSettings = {
				ALWAYS_SEARCH_USER_PATHS = NO;
				CLANG_ANALYZER_NONNULL = YES;
				CLANG_ANALYZER_NUMBER_OBJECT_CONVERSION = YES_AGGRESSIVE;
				CLANG_CXX_LANGUAGE_STANDARD = "gnu++14";
				CLANG_CXX_LIBRARY = "libc++";
				CLANG_ENABLE_MODULES = YES;
				CLANG_ENABLE_OBJC_ARC = YES;
				CLANG_ENABLE_OBJC_WEAK = YES;
				CLANG_WARN_BLOCK_CAPTURE_AUTORELEASING = YES;
				CLANG_WARN_BOOL_CONVERSION = YES;
				CLANG_WARN_COMMA = YES;
				CLANG_WARN_CONSTANT_CONVERSION = YES;
				CLANG_WARN_DEPRECATED_OBJC_IMPLEMENTATIONS = YES;
				CLANG_WARN_DIRECT_OBJC_ISA_USAGE = YES_ERROR;
				CLANG_WARN_DOCUMENTATION_COMMENTS = YES;
				CLANG_WARN_EMPTY_BODY = YES;
				CLANG_WARN_ENUM_CONVERSION = YES;
				CLANG_WARN_INFINITE_RECURSION = YES;
				CLANG_WARN_INT_CONVERSION = YES;
				CLANG_WARN_NON_LITERAL_NULL_CONVERSION = YES;
				CLANG_WARN_OBJC_IMPLICIT_RETAIN_SELF = YES;
				CLANG_WARN_OBJC_LITERAL_CONVERSION = YES;
				CLANG_WARN_OBJC_ROOT_CLASS = YES_ERROR;
				CLANG_WARN_QUOTED_INCLUDE_IN_FRAMEWORK_HEADER = YES;
				CLANG_WARN_RANGE_LOOP_ANALYSIS = YES;
				CLANG_WARN_STRICT_PROTOTYPES = YES;
				CLANG_WARN_SUSPICIOUS_MOVE = YES;
				CLANG_WARN_UNGUARDED_AVAILABILITY = YES_AGGRESSIVE;
				CLANG_WARN_UNREACHABLE_CODE = YES;
				CLANG_WARN__DUPLICATE_METHOD_MATCH = YES;
				COPY_PHASE_STRIP = NO;
				DEBUG_INFORMATION_FORMAT = "dwarf-with-dsym";
				ENABLE_NS_ASSERTIONS = NO;
				ENABLE_STRICT_OBJC_MSGSEND = YES;
				GCC_C_LANGUAGE_STANDARD = gnu11;
				GCC_NO_COMMON_BLOCKS = YES;
				GCC_WARN_64_TO_32_BIT_CONVERSION = YES;
				GCC_WARN_ABOUT_RETURN_TYPE = YES_ERROR;
				GCC_WARN_UNDECLARED_SELECTOR = YES;
				GCC_WARN_UNINITIALIZED_AUTOS = YES_AGGRESSIVE;
				GCC_WARN_UNUSED_FUNCTION = YES;
				GCC_WARN_UNUSED_VARIABLE = YES;
				IPHONEOS_DEPLOYMENT_TARGET = 12.0;
				MTL_ENABLE_DEBUG_INFO = NO;
				MTL_FAST_MATH = YES;
				PRODUCT_NAME = "$(TARGET_NAME)";
				SDKROOT = iphoneos;
				SWIFT_COMPILATION_MODE = wholemodule;
				SWIFT_OPTIMIZATION_LEVEL = "-O";
				SWIFT_VERSION = 5.0;
			};
			name = Release;
		};
/* End XCBuildConfiguration section */

/* Begin XCConfigurationList section */
		7C158BBD86406D58E50C60F7 /* Build configuration list for PBXNativeTarget "PhotoSlideshow" */ = {
			isa = XCConfigurationList;
			buildConfigurations = (
				3770AE38261AF9BB0FB4C4A2 /* Debug */,
				13CE41DB9E2C4E978C6E826B /* Release */,
			);
			defaultConfigurationIsVisible = 0;
			defaultConfigurationName = Debug;
		};
		886C978F466674FC1EB14886 /* Build configuration list for PBXNativeTarget "PhotoSlideshowTests" */ = {
			isa = XCConfigurationList;
			buildConfigurations = (
				8C21E20CF8EC51D7A287A2E4 /* Debug */,
				56E1E1966FE322658E848237 /* Release */,
			);
			defaultConfigurationIsVisible = 0;
			defaultConfigurationName = Debug;
		};
		CC7DD5C224E54BC14707E828 /* Build configuration list for PBXProject "PhotoSlideshow" */ = {
			isa = XCConfigurationList;
			buildConfigurations = (
				6BCF3D4CB23A7D8D53B23772 /* Debug */,
				A480E55DD1B63C108CEDEBD8 /* Release */,
			);
			defaultConfigurationIsVisible = 0;
			defaultConfigurationName = Debug;
		};
/* End XCConfigurationList section */
	};
	rootObject = E7382F75915629C3DB796B55 /* Project object */;
}
